// !$*UTF8*$!
{
	archiveVersion = 1;
	classes = {
	};
	objectVersion = 56;
	objects = {

/* Begin PBXBuildFile section */
		6F4C361C29B70AC400A737B1 /* CurrencyListViewController.swift in Sources */ = {isa = PBXBuildFile; fileRef = 6F4C361729B70AC400A737B1 /* CurrencyListViewController.swift */; };
		6F4C361E29B70AC400A737B1 /* CurrencyListViewModel.swift in Sources */ = {isa = PBXBuildFile; fileRef = 6F4C361929B70AC400A737B1 /* CurrencyListViewModel.swift */; };
		6F4C362029B7484700A737B1 /* Double+Additions.swift in Sources */ = {isa = PBXBuildFile; fileRef = 6F4C361F29B7484700A737B1 /* Double+Additions.swift */; };
		6F4C362329B77C8900A737B1 /* CurrencyTableViewCell.swift in Sources */ = {isa = PBXBuildFile; fileRef = 6F4C362129B77C8900A737B1 /* CurrencyTableViewCell.swift */; };
		6F4C362429B77C8900A737B1 /* CurrencyTableViewCell.xib in Resources */ = {isa = PBXBuildFile; fileRef = 6F4C362229B77C8900A737B1 /* CurrencyTableViewCell.xib */; };
		6FAE045B29B6332200E51BE1 /* AppDelegate.swift in Sources */ = {isa = PBXBuildFile; fileRef = 6FAE045A29B6332200E51BE1 /* AppDelegate.swift */; };
		6FAE045D29B6332200E51BE1 /* SceneDelegate.swift in Sources */ = {isa = PBXBuildFile; fileRef = 6FAE045C29B6332200E51BE1 /* SceneDelegate.swift */; };
		6FAE045F29B6332200E51BE1 /* CurrencyViewController.swift in Sources */ = {isa = PBXBuildFile; fileRef = 6FAE045E29B6332200E51BE1 /* CurrencyViewController.swift */; };
		6FAE046229B6332200E51BE1 /* Main.storyboard in Resources */ = {isa = PBXBuildFile; fileRef = 6FAE046029B6332200E51BE1 /* Main.storyboard */; };
		6FAE046429B6332300E51BE1 /* Assets.xcassets in Resources */ = {isa = PBXBuildFile; fileRef = 6FAE046329B6332300E51BE1 /* Assets.xcassets */; };
		6FAE046729B6332300E51BE1 /* LaunchScreen.storyboard in Resources */ = {isa = PBXBuildFile; fileRef = 6FAE046529B6332300E51BE1 /* LaunchScreen.storyboard */; };
		6FAE048B29B6338000E51BE1 /* NetworkManager.swift in Sources */ = {isa = PBXBuildFile; fileRef = 6FAE048A29B6338000E51BE1 /* NetworkManager.swift */; };
		6FAE048D29B6352800E51BE1 /* Currency.swift in Sources */ = {isa = PBXBuildFile; fileRef = 6FAE048C29B6352800E51BE1 /* Currency.swift */; };
		6FAE049029B648DC00E51BE1 /* CurrencyViewCollectionViewCell.swift in Sources */ = {isa = PBXBuildFile; fileRef = 6FAE048E29B648DC00E51BE1 /* CurrencyViewCollectionViewCell.swift */; };
		6FAE049129B648DC00E51BE1 /* CurrencyViewCollectionViewCell.xib in Resources */ = {isa = PBXBuildFile; fileRef = 6FAE048F29B648DC00E51BE1 /* CurrencyViewCollectionViewCell.xib */; };
		6FAE049329B64C9F00E51BE1 /* UICollectionView+Additions.swift in Sources */ = {isa = PBXBuildFile; fileRef = 6FAE049229B64C9F00E51BE1 /* UICollectionView+Additions.swift */; };
		6FAE049929B6557B00E51BE1 /* ViewController+Additions.swift in Sources */ = {isa = PBXBuildFile; fileRef = 6FAE049829B6557B00E51BE1 /* ViewController+Additions.swift */; };
		6FAE049B29B6579500E51BE1 /* CurrencyViewModel.swift in Sources */ = {isa = PBXBuildFile; fileRef = 6FAE049A29B6579500E51BE1 /* CurrencyViewModel.swift */; };
		6FAE049D29B6603600E51BE1 /* CurrencyInfo.swift in Sources */ = {isa = PBXBuildFile; fileRef = 6FAE049C29B6603600E51BE1 /* CurrencyInfo.swift */; };
		6FB02C7329B84A26003D5525 /* CurrencyViewModelTests.swift in Sources */ = {isa = PBXBuildFile; fileRef = 6FB02C7229B84A26003D5525 /* CurrencyViewModelTests.swift */; };
		6FB02C7529B84AF6003D5525 /* NetworkManagerTests.swift in Sources */ = {isa = PBXBuildFile; fileRef = 6FB02C7429B84AF6003D5525 /* NetworkManagerTests.swift */; };
		6FB02C7729B84D40003D5525 /* MockJsonLoader.swift in Sources */ = {isa = PBXBuildFile; fileRef = 6FB02C7629B84D40003D5525 /* MockJsonLoader.swift */; };
		6FB02C7929B85B11003D5525 /* USDRates.json in Resources */ = {isa = PBXBuildFile; fileRef = 6FB02C7829B85B11003D5525 /* USDRates.json */; };
		6FB02C7B29B86491003D5525 /* CurrencyLoader.swift in Sources */ = {isa = PBXBuildFile; fileRef = 6FB02C7A29B86491003D5525 /* CurrencyLoader.swift */; };
		6FB02C7D29B8989D003D5525 /* Currencies.json in Resources */ = {isa = PBXBuildFile; fileRef = 6FB02C7C29B8989D003D5525 /* Currencies.json */; };
		6FB02C7F29B89F49003D5525 /* OpenExchangeRateConstants.swift in Sources */ = {isa = PBXBuildFile; fileRef = 6FB02C7E29B89F49003D5525 /* OpenExchangeRateConstants.swift */; };
		6FB02C8129B8EA5D003D5525 /* CurrencyInfoReader.swift in Sources */ = {isa = PBXBuildFile; fileRef = 6FB02C8029B8EA5D003D5525 /* CurrencyInfoReader.swift */; };
		6FF1210729BA573F00F1D252 /* CurrencyInfoReaderTests.swift in Sources */ = {isa = PBXBuildFile; fileRef = 6FF1210629BA573F00F1D252 /* CurrencyInfoReaderTests.swift */; };
/* End PBXBuildFile section */

/* Begin PBXContainerItemProxy section */
		6FAE046E29B6332300E51BE1 /* PBXContainerItemProxy */ = {
			isa = PBXContainerItemProxy;
			containerPortal = 6FAE044F29B6332200E51BE1 /* Project object */;
			proxyType = 1;
			remoteGlobalIDString = 6FAE045629B6332200E51BE1;
			remoteInfo = CurrencyConverter;
		};
/* End PBXContainerItemProxy section */

/* Begin PBXFileReference section */
		6F4C361729B70AC400A737B1 /* CurrencyListViewController.swift */ = {isa = PBXFileReference; fileEncoding = 4; lastKnownFileType = sourcecode.swift; path = CurrencyListViewController.swift; sourceTree = "<group>"; };
		6F4C361929B70AC400A737B1 /* CurrencyListViewModel.swift */ = {isa = PBXFileReference; fileEncoding = 4; lastKnownFileType = sourcecode.swift; path = CurrencyListViewModel.swift; sourceTree = "<group>"; };
		6F4C361F29B7484700A737B1 /* Double+Additions.swift */ = {isa = PBXFileReference; lastKnownFileType = sourcecode.swift; path = "Double+Additions.swift"; sourceTree = "<group>"; };
		6F4C362129B77C8900A737B1 /* CurrencyTableViewCell.swift */ = {isa = PBXFileReference; lastKnownFileType = sourcecode.swift; path = CurrencyTableViewCell.swift; sourceTree = "<group>"; };
		6F4C362229B77C8900A737B1 /* CurrencyTableViewCell.xib */ = {isa = PBXFileReference; lastKnownFileType = file.xib; path = CurrencyTableViewCell.xib; sourceTree = "<group>"; };
		6FAE045729B6332200E51BE1 /* CurrencyConverter.app */ = {isa = PBXFileReference; explicitFileType = wrapper.application; includeInIndex = 0; path = CurrencyConverter.app; sourceTree = BUILT_PRODUCTS_DIR; };
		6FAE045A29B6332200E51BE1 /* AppDelegate.swift */ = {isa = PBXFileReference; lastKnownFileType = sourcecode.swift; path = AppDelegate.swift; sourceTree = "<group>"; };
		6FAE045C29B6332200E51BE1 /* SceneDelegate.swift */ = {isa = PBXFileReference; lastKnownFileType = sourcecode.swift; path = SceneDelegate.swift; sourceTree = "<group>"; };
		6FAE045E29B6332200E51BE1 /* CurrencyViewController.swift */ = {isa = PBXFileReference; lastKnownFileType = sourcecode.swift; path = CurrencyViewController.swift; sourceTree = "<group>"; };
		6FAE046129B6332200E51BE1 /* Base */ = {isa = PBXFileReference; lastKnownFileType = file.storyboard; name = Base; path = Base.lproj/Main.storyboard; sourceTree = "<group>"; };
		6FAE046329B6332300E51BE1 /* Assets.xcassets */ = {isa = PBXFileReference; lastKnownFileType = folder.assetcatalog; path = Assets.xcassets; sourceTree = "<group>"; };
		6FAE046629B6332300E51BE1 /* Base */ = {isa = PBXFileReference; lastKnownFileType = file.storyboard; name = Base; path = Base.lproj/LaunchScreen.storyboard; sourceTree = "<group>"; };
		6FAE046829B6332300E51BE1 /* Info.plist */ = {isa = PBXFileReference; lastKnownFileType = text.plist.xml; path = Info.plist; sourceTree = "<group>"; };
		6FAE046D29B6332300E51BE1 /* CurrencyConverterTests.xctest */ = {isa = PBXFileReference; explicitFileType = wrapper.cfbundle; includeInIndex = 0; path = CurrencyConverterTests.xctest; sourceTree = BUILT_PRODUCTS_DIR; };
		6FAE048A29B6338000E51BE1 /* NetworkManager.swift */ = {isa = PBXFileReference; lastKnownFileType = sourcecode.swift; path = NetworkManager.swift; sourceTree = "<group>"; };
		6FAE048C29B6352800E51BE1 /* Currency.swift */ = {isa = PBXFileReference; lastKnownFileType = sourcecode.swift; path = Currency.swift; sourceTree = "<group>"; };
		6FAE048E29B648DC00E51BE1 /* CurrencyViewCollectionViewCell.swift */ = {isa = PBXFileReference; lastKnownFileType = sourcecode.swift; path = CurrencyViewCollectionViewCell.swift; sourceTree = "<group>"; };
		6FAE048F29B648DC00E51BE1 /* CurrencyViewCollectionViewCell.xib */ = {isa = PBXFileReference; lastKnownFileType = file.xib; path = CurrencyViewCollectionViewCell.xib; sourceTree = "<group>"; };
		6FAE049229B64C9F00E51BE1 /* UICollectionView+Additions.swift */ = {isa = PBXFileReference; lastKnownFileType = sourcecode.swift; path = "UICollectionView+Additions.swift"; sourceTree = "<group>"; };
		6FAE049829B6557B00E51BE1 /* ViewController+Additions.swift */ = {isa = PBXFileReference; lastKnownFileType = sourcecode.swift; path = "ViewController+Additions.swift"; sourceTree = "<group>"; };
		6FAE049A29B6579500E51BE1 /* CurrencyViewModel.swift */ = {isa = PBXFileReference; lastKnownFileType = sourcecode.swift; path = CurrencyViewModel.swift; sourceTree = "<group>"; };
		6FAE049C29B6603600E51BE1 /* CurrencyInfo.swift */ = {isa = PBXFileReference; lastKnownFileType = sourcecode.swift; path = CurrencyInfo.swift; sourceTree = "<group>"; };
		6FB02C7229B84A26003D5525 /* CurrencyViewModelTests.swift */ = {isa = PBXFileReference; lastKnownFileType = sourcecode.swift; path = CurrencyViewModelTests.swift; sourceTree = "<group>"; };
		6FB02C7429B84AF6003D5525 /* NetworkManagerTests.swift */ = {isa = PBXFileReference; lastKnownFileType = sourcecode.swift; path = NetworkManagerTests.swift; sourceTree = "<group>"; };
		6FB02C7629B84D40003D5525 /* MockJsonLoader.swift */ = {isa = PBXFileReference; lastKnownFileType = sourcecode.swift; path = MockJsonLoader.swift; sourceTree = "<group>"; };
		6FB02C7829B85B11003D5525 /* USDRates.json */ = {isa = PBXFileReference; lastKnownFileType = text.json; path = USDRates.json; sourceTree = "<group>"; };
		6FB02C7A29B86491003D5525 /* CurrencyLoader.swift */ = {isa = PBXFileReference; lastKnownFileType = sourcecode.swift; path = CurrencyLoader.swift; sourceTree = "<group>"; };
		6FB02C7C29B8989D003D5525 /* Currencies.json */ = {isa = PBXFileReference; lastKnownFileType = text.json; path = Currencies.json; sourceTree = "<group>"; };
		6FB02C7E29B89F49003D5525 /* OpenExchangeRateConstants.swift */ = {isa = PBXFileReference; lastKnownFileType = sourcecode.swift; path = OpenExchangeRateConstants.swift; sourceTree = "<group>"; };
		6FB02C8029B8EA5D003D5525 /* CurrencyInfoReader.swift */ = {isa = PBXFileReference; lastKnownFileType = sourcecode.swift; path = CurrencyInfoReader.swift; sourceTree = "<group>"; };
		6FF1210629BA573F00F1D252 /* CurrencyInfoReaderTests.swift */ = {isa = PBXFileReference; lastKnownFileType = sourcecode.swift; path = CurrencyInfoReaderTests.swift; sourceTree = "<group>"; };
/* End PBXFileReference section */

/* Begin PBXFrameworksBuildPhase section */
		6FAE045429B6332200E51BE1 /* Frameworks */ = {
			isa = PBXFrameworksBuildPhase;
			buildActionMask = 2147483647;
			files = (
			);
			runOnlyForDeploymentPostprocessing = 0;
		};
		6FAE046A29B6332300E51BE1 /* Frameworks */ = {
			isa = PBXFrameworksBuildPhase;
			buildActionMask = 2147483647;
			files = (
			);
			runOnlyForDeploymentPostprocessing = 0;
		};
/* End PBXFrameworksBuildPhase section */

/* Begin PBXGroup section */
		6F74ED2829BB568A00EF3939 /* CurrencyView */ = {
			isa = PBXGroup;
			children = (
				6FAE045E29B6332200E51BE1 /* CurrencyViewController.swift */,
				6FAE049A29B6579500E51BE1 /* CurrencyViewModel.swift */,
				6FAE048E29B648DC00E51BE1 /* CurrencyViewCollectionViewCell.swift */,
				6FAE048F29B648DC00E51BE1 /* CurrencyViewCollectionViewCell.xib */,
			);
			path = CurrencyView;
			sourceTree = "<group>";
		};
		6F74ED2929BB56B200EF3939 /* Models */ = {
			isa = PBXGroup;
			children = (
				6FAE048C29B6352800E51BE1 /* Currency.swift */,
				6FAE049C29B6603600E51BE1 /* CurrencyInfo.swift */,
			);
			path = Models;
			sourceTree = "<group>";
		};
		6F74ED2A29BB571100EF3939 /* Extensions */ = {
			isa = PBXGroup;
			children = (
				6FAE049229B64C9F00E51BE1 /* UICollectionView+Additions.swift */,
				6FAE049829B6557B00E51BE1 /* ViewController+Additions.swift */,
				6F4C361F29B7484700A737B1 /* Double+Additions.swift */,
			);
			path = Extensions;
			sourceTree = "<group>";
		};
		6F74ED2B29BB574600EF3939 /* CurrencyListView */ = {
			isa = PBXGroup;
			children = (
				6F4C361729B70AC400A737B1 /* CurrencyListViewController.swift */,
				6F4C361929B70AC400A737B1 /* CurrencyListViewModel.swift */,
				6F4C362129B77C8900A737B1 /* CurrencyTableViewCell.swift */,
				6F4C362229B77C8900A737B1 /* CurrencyTableViewCell.xib */,
			);
			path = CurrencyListView;
			sourceTree = "<group>";
		};
		6F74ED2C29BB575D00EF3939 /* Network */ = {
			isa = PBXGroup;
			children = (
				6FB02C7A29B86491003D5525 /* CurrencyLoader.swift */,
				6FAE048A29B6338000E51BE1 /* NetworkManager.swift */,
				6FB02C7E29B89F49003D5525 /* OpenExchangeRateConstants.swift */,
			);
			path = Network;
			sourceTree = "<group>";
		};
		6F74ED2D29BB57C700EF3939 /* Helper */ = {
			isa = PBXGroup;
			children = (
				6FB02C8029B8EA5D003D5525 /* CurrencyInfoReader.swift */,
			);
			path = Helper;
			sourceTree = "<group>";
		};
		6FAE044E29B6332200E51BE1 = {
			isa = PBXGroup;
			children = (
				6FAE045929B6332200E51BE1 /* CurrencyConverter */,
				6FAE047029B6332300E51BE1 /* CurrencyConverterTests */,
				6FAE045829B6332200E51BE1 /* Products */,
			);
			sourceTree = "<group>";
		};
		6FAE045829B6332200E51BE1 /* Products */ = {
			isa = PBXGroup;
			children = (
				6FAE045729B6332200E51BE1 /* CurrencyConverter.app */,
				6FAE046D29B6332300E51BE1 /* CurrencyConverterTests.xctest */,
			);
			name = Products;
			sourceTree = "<group>";
		};
		6FAE045929B6332200E51BE1 /* CurrencyConverter */ = {
			isa = PBXGroup;
			children = (
				6FAE045A29B6332200E51BE1 /* AppDelegate.swift */,
				6FAE045C29B6332200E51BE1 /* SceneDelegate.swift */,
				6FAE046029B6332200E51BE1 /* Main.storyboard */,
				6F74ED2829BB568A00EF3939 /* CurrencyView */,
				6F74ED2B29BB574600EF3939 /* CurrencyListView */,
				6F74ED2C29BB575D00EF3939 /* Network */,
				6F74ED2A29BB571100EF3939 /* Extensions */,
				6F74ED2929BB56B200EF3939 /* Models */,
				6F74ED2D29BB57C700EF3939 /* Helper */,
				6FAE046329B6332300E51BE1 /* Assets.xcassets */,
				6FAE046529B6332300E51BE1 /* LaunchScreen.storyboard */,
				6FAE046829B6332300E51BE1 /* Info.plist */,
			);
			path = CurrencyConverter;
			sourceTree = "<group>";
		};
		6FAE047029B6332300E51BE1 /* CurrencyConverterTests */ = {
			isa = PBXGroup;
			children = (
				6FB02C7229B84A26003D5525 /* CurrencyViewModelTests.swift */,
				6FF1210629BA573F00F1D252 /* CurrencyInfoReaderTests.swift */,
				6FB02C7429B84AF6003D5525 /* NetworkManagerTests.swift */,
				6FB02C7629B84D40003D5525 /* MockJsonLoader.swift */,
				6FB02C7C29B8989D003D5525 /* Currencies.json */,
				6FB02C7829B85B11003D5525 /* USDRates.json */,
			);
			path = CurrencyConverterTests;
			sourceTree = "<group>";
		};
/* End PBXGroup section */

/* Begin PBXNativeTarget section */
		6FAE045629B6332200E51BE1 /* CurrencyConverter */ = {
			isa = PBXNativeTarget;
			buildConfigurationList = 6FAE048129B6332300E51BE1 /* Build configuration list for PBXNativeTarget "CurrencyConverter" */;
			buildPhases = (
				6FAE045329B6332200E51BE1 /* Sources */,
				6FAE045429B6332200E51BE1 /* Frameworks */,
				6FAE045529B6332200E51BE1 /* Resources */,
			);
			buildRules = (
			);
			dependencies = (
			);
			name = CurrencyConverter;
			productName = CurrencyConverter;
			productReference = 6FAE045729B6332200E51BE1 /* CurrencyConverter.app */;
			productType = "com.apple.product-type.application";
		};
		6FAE046C29B6332300E51BE1 /* CurrencyConverterTests */ = {
			isa = PBXNativeTarget;
			buildConfigurationList = 6FAE048429B6332300E51BE1 /* Build configuration list for PBXNativeTarget "CurrencyConverterTests" */;
			buildPhases = (
				6FAE046929B6332300E51BE1 /* Sources */,
				6FAE046A29B6332300E51BE1 /* Frameworks */,
				6FAE046B29B6332300E51BE1 /* Resources */,
			);
			buildRules = (
			);
			dependencies = (
				6FAE046F29B6332300E51BE1 /* PBXTargetDependency */,
			);
			name = CurrencyConverterTests;
			productName = CurrencyConverterTests;
			productReference = 6FAE046D29B6332300E51BE1 /* CurrencyConverterTests.xctest */;
			productType = "com.apple.product-type.bundle.unit-test";
		};
/* End PBXNativeTarget section */

/* Begin PBXProject section */
		6FAE044F29B6332200E51BE1 /* Project object */ = {
			isa = PBXProject;
			attributes = {
				BuildIndependentTargetsInParallel = 1;
				LastSwiftUpdateCheck = 1420;
				LastUpgradeCheck = 1420;
				TargetAttributes = {
					6FAE045629B6332200E51BE1 = {
						CreatedOnToolsVersion = 14.2;
					};
					6FAE046C29B6332300E51BE1 = {
						CreatedOnToolsVersion = 14.2;
						TestTargetID = 6FAE045629B6332200E51BE1;
					};
				};
			};
			buildConfigurationList = 6FAE045229B6332200E51BE1 /* Build configuration list for PBXProject "CurrencyConverter" */;
			compatibilityVersion = "Xcode 14.0";
			developmentRegion = en;
			hasScannedForEncodings = 0;
			knownRegions = (
				en,
				Base,
			);
			mainGroup = 6FAE044E29B6332200E51BE1;
			productRefGroup = 6FAE045829B6332200E51BE1 /* Products */;
			projectDirPath = "";
			projectRoot = "";
			targets = (
				6FAE045629B6332200E51BE1 /* CurrencyConverter */,
				6FAE046C29B6332300E51BE1 /* CurrencyConverterTests */,
			);
		};
/* End PBXProject section */

/* Begin PBXResourcesBuildPhase section */
		6FAE045529B6332200E51BE1 /* Resources */ = {
			isa = PBXResourcesBuildPhase;
			buildActionMask = 2147483647;
			files = (
				6FAE046729B6332300E51BE1 /* LaunchScreen.storyboard in Resources */,
				6FAE049129B648DC00E51BE1 /* CurrencyViewCollectionViewCell.xib in Resources */,
				6FAE046429B6332300E51BE1 /* Assets.xcassets in Resources */,
				6FAE046229B6332200E51BE1 /* Main.storyboard in Resources */,
				6F4C362429B77C8900A737B1 /* CurrencyTableViewCell.xib in Resources */,
			);
			runOnlyForDeploymentPostprocessing = 0;
		};
		6FAE046B29B6332300E51BE1 /* Resources */ = {
			isa = PBXResourcesBuildPhase;
			buildActionMask = 2147483647;
			files = (
				6FB02C7D29B8989D003D5525 /* Currencies.json in Resources */,
				6FB02C7929B85B11003D5525 /* USDRates.json in Resources */,
			);
			runOnlyForDeploymentPostprocessing = 0;
		};
/* End PBXResourcesBuildPhase section */

/* Begin PBXSourcesBuildPhase section */
		6FAE045329B6332200E51BE1 /* Sources */ = {
			isa = PBXSourcesBuildPhase;
			buildActionMask = 2147483647;
			files = (
				6FAE049929B6557B00E51BE1 /* ViewController+Additions.swift in Sources */,
				6FAE049B29B6579500E51BE1 /* CurrencyViewModel.swift in Sources */,
				6FAE049029B648DC00E51BE1 /* CurrencyViewCollectionViewCell.swift in Sources */,
				6F4C361C29B70AC400A737B1 /* CurrencyListViewController.swift in Sources */,
				6FAE045F29B6332200E51BE1 /* CurrencyViewController.swift in Sources */,
				6FAE049329B64C9F00E51BE1 /* UICollectionView+Additions.swift in Sources */,
				6F4C362029B7484700A737B1 /* Double+Additions.swift in Sources */,
				6FB02C7F29B89F49003D5525 /* OpenExchangeRateConstants.swift in Sources */,
				6FB02C7B29B86491003D5525 /* CurrencyLoader.swift in Sources */,
				6FAE045B29B6332200E51BE1 /* AppDelegate.swift in Sources */,
				6FB02C8129B8EA5D003D5525 /* CurrencyInfoReader.swift in Sources */,
				6FAE048B29B6338000E51BE1 /* NetworkManager.swift in Sources */,
				6FAE045D29B6332200E51BE1 /* SceneDelegate.swift in Sources */,
				6FAE048D29B6352800E51BE1 /* Currency.swift in Sources */,
				6F4C361E29B70AC400A737B1 /* CurrencyListViewModel.swift in Sources */,
				6F4C362329B77C8900A737B1 /* CurrencyTableViewCell.swift in Sources */,
				6FAE049D29B6603600E51BE1 /* CurrencyInfo.swift in Sources */,
			);
			runOnlyForDeploymentPostprocessing = 0;
		};
		6FAE046929B6332300E51BE1 /* Sources */ = {
			isa = PBXSourcesBuildPhase;
			buildActionMask = 2147483647;
			files = (
				6FB02C7729B84D40003D5525 /* MockJsonLoader.swift in Sources */,
				6FB02C7529B84AF6003D5525 /* NetworkManagerTests.swift in Sources */,
				6FF1210729BA573F00F1D252 /* CurrencyInfoReaderTests.swift in Sources */,
				6FB02C7329B84A26003D5525 /* CurrencyViewModelTests.swift in Sources */,
			);
			runOnlyForDeploymentPostprocessing = 0;
		};
/* End PBXSourcesBuildPhase section */

/* Begin PBXTargetDependency section */
		6FAE046F29B6332300E51BE1 /* PBXTargetDependency */ = {
			isa = PBXTargetDependency;
			target = 6FAE045629B6332200E51BE1 /* CurrencyConverter */;
			targetProxy = 6FAE046E29B6332300E51BE1 /* PBXContainerItemProxy */;
		};
/* End PBXTargetDependency section */

/* Begin PBXVariantGroup section */
		6FAE046029B6332200E51BE1 /* Main.storyboard */ = {
			isa = PBXVariantGroup;
			children = (
				6FAE046129B6332200E51BE1 /* Base */,
			);
			name = Main.storyboard;
			sourceTree = "<group>";
		};
		6FAE046529B6332300E51BE1 /* LaunchScreen.storyboard */ = {
			isa = PBXVariantGroup;
			children = (
				6FAE046629B6332300E51BE1 /* Base */,
			);
			name = LaunchScreen.storyboard;
			sourceTree = "<group>";
		};
/* End PBXVariantGroup section */

/* Begin XCBuildConfiguration section */
		6FAE047F29B6332300E51BE1 /* Debug */ = {
			isa = XCBuildConfiguration;
			buildSettings = {
				ALWAYS_SEARCH_USER_PATHS = NO;
				CLANG_ANALYZER_NONNULL = YES;
				CLANG_ANALYZER_NUMBER_OBJECT_CONVERSION = YES_AGGRESSIVE;
				CLANG_CXX_LANGUAGE_STANDARD = "gnu++20";
				CLANG_ENABLE_MODULES = YES;
				CLANG_ENABLE_OBJC_ARC = YES;
				CLANG_ENABLE_OBJC_WEAK = YES;
				CLANG_WARN_BLOCK_CAPTURE_AUTORELEASING = YES;
				CLANG_WARN_BOOL_CONVERSION = YES;
				CLANG_WARN_COMMA = YES;
				CLANG_WARN_CONSTANT_CONVERSION = YES;
				CLANG_WARN_DEPRECATED_OBJC_IMPLEMENTATIONS = YES;
				CLANG_WARN_DIRECT_OBJC_ISA_USAGE = YES_ERROR;
				CLANG_WARN_DOCUMENTATION_COMMENTS = YES;
				CLANG_WARN_EMPTY_BODY = YES;
				CLANG_WARN_ENUM_CONVERSION = YES;
				CLANG_WARN_INFINITE_RECURSION = YES;
				CLANG_WARN_INT_CONVERSION = YES;
				CLANG_WARN_NON_LITERAL_NULL_CONVERSION = YES;
				CLANG_WARN_OBJC_IMPLICIT_RETAIN_SELF = YES;
				CLANG_WARN_OBJC_LITERAL_CONVERSION = YES;
				CLANG_WARN_OBJC_ROOT_CLASS = YES_ERROR;
				CLANG_WARN_QUOTED_INCLUDE_IN_FRAMEWORK_HEADER = YES;
				CLANG_WARN_RANGE_LOOP_ANALYSIS = YES;
				CLANG_WARN_STRICT_PROTOTYPES = YES;
				CLANG_WARN_SUSPICIOUS_MOVE = YES;
				CLANG_WARN_UNGUARDED_AVAILABILITY = YES_AGGRESSIVE;
				CLANG_WARN_UNREACHABLE_CODE = YES;
				CLANG_WARN__DUPLICATE_METHOD_MATCH = YES;
				COPY_PHASE_STRIP = NO;
				DEBUG_INFORMATION_FORMAT = dwarf;
				ENABLE_STRICT_OBJC_MSGSEND = YES;
				ENABLE_TESTABILITY = YES;
				GCC_C_LANGUAGE_STANDARD = gnu11;
				GCC_DYNAMIC_NO_PIC = NO;
				GCC_NO_COMMON_BLOCKS = YES;
				GCC_OPTIMIZATION_LEVEL = 0;
				GCC_PREPROCESSOR_DEFINITIONS = (
					"DEBUG=1",
					"$(inherited)",
				);
				GCC_WARN_64_TO_32_BIT_CONVERSION = YES;
				GCC_WARN_ABOUT_RETURN_TYPE = YES_ERROR;
				GCC_WARN_UNDECLARED_SELECTOR = YES;
				GCC_WARN_UNINITIALIZED_AUTOS = YES_AGGRESSIVE;
				GCC_WARN_UNUSED_FUNCTION = YES;
				GCC_WARN_UNUSED_VARIABLE = YES;
				IPHONEOS_DEPLOYMENT_TARGET = 16.2;
				MTL_ENABLE_DEBUG_INFO = INCLUDE_SOURCE;
				MTL_FAST_MATH = YES;
				ONLY_ACTIVE_ARCH = YES;
				SDKROOT = iphoneos;
				SWIFT_ACTIVE_COMPILATION_CONDITIONS = DEBUG;
				SWIFT_OPTIMIZATION_LEVEL = "-Onone";
			};
			name = Debug;
		};
		6FAE048029B6332300E51BE1 /* Release */ = {
			isa = XCBuildConfiguration;
			buildSettings = {
				ALWAYS_SEARCH_USER_PATHS = NO;
				CLANG_ANALYZER_NONNULL = YES;
				CLANG_ANALYZER_NUMBER_OBJECT_CONVERSION = YES_AGGRESSIVE;
				CLANG_CXX_LANGUAGE_STANDARD = "gnu++20";
				CLANG_ENABLE_MODULES = YES;
				CLANG_ENABLE_OBJC_ARC = YES;
				CLANG_ENABLE_OBJC_WEAK = YES;
				CLANG_WARN_BLOCK_CAPTURE_AUTORELEASING = YES;
				CLANG_WARN_BOOL_CONVERSION = YES;
				CLANG_WARN_COMMA = YES;
				CLANG_WARN_CONSTANT_CONVERSION = YES;
				CLANG_WARN_DEPRECATED_OBJC_IMPLEMENTATIONS = YES;
				CLANG_WARN_DIRECT_OBJC_ISA_USAGE = YES_ERROR;
				CLANG_WARN_DOCUMENTATION_COMMENTS = YES;
				CLANG_WARN_EMPTY_BODY = YES;
				CLANG_WARN_ENUM_CONVERSION = YES;
				CLANG_WARN_INFINITE_RECURSION = YES;
				CLANG_WARN_INT_CONVERSION = YES;
				CLANG_WARN_NON_LITERAL_NULL_CONVERSION = YES;
				CLANG_WARN_OBJC_IMPLICIT_RETAIN_SELF = YES;
				CLANG_WARN_OBJC_LITERAL_CONVERSION = YES;
				CLANG_WARN_OBJC_ROOT_CLASS = YES_ERROR;
				CLANG_WARN_QUOTED_INCLUDE_IN_FRAMEWORK_HEADER = YES;
				CLANG_WARN_RANGE_LOOP_ANALYSIS = YES;
				CLANG_WARN_STRICT_PROTOTYPES = YES;
				CLANG_WARN_SUSPICIOUS_MOVE = YES;
				CLANG_WARN_UNGUARDED_AVAILABILITY = YES_AGGRESSIVE;
				CLANG_WARN_UNREACHABLE_CODE = YES;
				CLANG_WARN__DUPLICATE_METHOD_MATCH = YES;
				COPY_PHASE_STRIP = NO;
				DEBUG_INFORMATION_FORMAT = "dwarf-with-dsym";
				ENABLE_NS_ASSERTIONS = NO;
				ENABLE_STRICT_OBJC_MSGSEND = YES;
				GCC_C_LANGUAGE_STANDARD = gnu11;
				GCC_NO_COMMON_BLOCKS = YES;
				GCC_WARN_64_TO_32_BIT_CONVERSION = YES;
				GCC_WARN_ABOUT_RETURN_TYPE = YES_ERROR;
				GCC_WARN_UNDECLARED_SELECTOR = YES;
				GCC_WARN_UNINITIALIZED_AUTOS = YES_AGGRESSIVE;
				GCC_WARN_UNUSED_FUNCTION = YES;
				GCC_WARN_UNUSED_VARIABLE = YES;
				IPHONEOS_DEPLOYMENT_TARGET = 16.2;
				MTL_ENABLE_DEBUG_INFO = NO;
				MTL_FAST_MATH = YES;
				SDKROOT = iphoneos;
				SWIFT_COMPILATION_MODE = wholemodule;
				SWIFT_OPTIMIZATION_LEVEL = "-O";
				VALIDATE_PRODUCT = YES;
			};
			name = Release;
		};
		6FAE048229B6332300E51BE1 /* Debug */ = {
			isa = XCBuildConfiguration;
			buildSettings = {
				ASSETCATALOG_COMPILER_APPICON_NAME = AppIcon;
				ASSETCATALOG_COMPILER_GLOBAL_ACCENT_COLOR_NAME = AccentColor;
				CODE_SIGN_STYLE = Automatic;
				CURRENT_PROJECT_VERSION = 1;
				DEVELOPMENT_TEAM = 35P9S7STBV;
				GENERATE_INFOPLIST_FILE = YES;
				INFOPLIST_FILE = CurrencyConverter/Info.plist;
				INFOPLIST_KEY_UIApplicationSupportsIndirectInputEvents = YES;
				INFOPLIST_KEY_UILaunchStoryboardName = LaunchScreen;
				INFOPLIST_KEY_UIMainStoryboardFile = Main;
				INFOPLIST_KEY_UISupportedInterfaceOrientations_iPad = "UIInterfaceOrientationPortrait UIInterfaceOrientationPortraitUpsideDown UIInterfaceOrientationLandscapeLeft UIInterfaceOrientationLandscapeRight";
				INFOPLIST_KEY_UISupportedInterfaceOrientations_iPhone = "UIInterfaceOrientationPortrait UIInterfaceOrientationLandscapeLeft UIInterfaceOrientationLandscapeRight";
				LD_RUNPATH_SEARCH_PATHS = (
					"$(inherited)",
					"@executable_path/Frameworks",
				);
				MARKETING_VERSION = 1.0;
				PRODUCT_BUNDLE_IDENTIFIER = com.CodSignal.CurrencyConverter;
				PRODUCT_NAME = "$(TARGET_NAME)";
				SWIFT_EMIT_LOC_STRINGS = YES;
				SWIFT_VERSION = 5.0;
				TARGETED_DEVICE_FAMILY = "1,2";
			};
			name = Debug;
		};
		6FAE048329B6332300E51BE1 /* Release */ = {
			isa = XCBuildConfiguration;
			buildSettings = {
				ASSETCATALOG_COMPILER_APPICON_NAME = AppIcon;
				ASSETCATALOG_COMPILER_GLOBAL_ACCENT_COLOR_NAME = AccentColor;
				CODE_SIGN_STYLE = Automatic;
				CURRENT_PROJECT_VERSION = 1;
				DEVELOPMENT_TEAM = 35P9S7STBV;
				GENERATE_INFOPLIST_FILE = YES;
				INFOPLIST_FILE = CurrencyConverter/Info.plist;
				INFOPLIST_KEY_UIApplicationSupportsIndirectInputEvents = YES;
				INFOPLIST_KEY_UILaunchStoryboardName = LaunchScreen;
				INFOPLIST_KEY_UIMainStoryboardFile = Main;
				INFOPLIST_KEY_UISupportedInterfaceOrientations_iPad = "UIInterfaceOrientationPortrait UIInterfaceOrientationPortraitUpsideDown UIInterfaceOrientationLandscapeLeft UIInterfaceOrientationLandscapeRight";
				INFOPLIST_KEY_UISupportedInterfaceOrientations_iPhone = "UIInterfaceOrientationPortrait UIInterfaceOrientationLandscapeLeft UIInterfaceOrientationLandscapeRight";
				LD_RUNPATH_SEARCH_PATHS = (
					"$(inherited)",
					"@executable_path/Frameworks",
				);
				MARKETING_VERSION = 1.0;
				PRODUCT_BUNDLE_IDENTIFIER = com.CodSignal.CurrencyConverter;
				PRODUCT_NAME = "$(TARGET_NAME)";
				SWIFT_EMIT_LOC_STRINGS = YES;
				SWIFT_VERSION = 5.0;
				TARGETED_DEVICE_FAMILY = "1,2";
			};
			name = Release;
		};
		6FAE048529B6332300E51BE1 /* Debug */ = {
			isa = XCBuildConfiguration;
			buildSettings = {
				ALWAYS_EMBED_SWIFT_STANDARD_LIBRARIES = YES;
				BUNDLE_LOADER = "$(TEST_HOST)";
				CODE_SIGN_STYLE = Automatic;
				CURRENT_PROJECT_VERSION = 1;
				DEVELOPMENT_TEAM = 35P9S7STBV;
				GENERATE_INFOPLIST_FILE = YES;
				IPHONEOS_DEPLOYMENT_TARGET = 16.2;
				MARKETING_VERSION = 1.0;
				PRODUCT_BUNDLE_IDENTIFIER = com.CodSignal.CurrencyConverterTests;
				PRODUCT_NAME = "$(TARGET_NAME)";
				SWIFT_EMIT_LOC_STRINGS = NO;
				SWIFT_VERSION = 5.0;
				TARGETED_DEVICE_FAMILY = "1,2";
				TEST_HOST = "$(BUILT_PRODUCTS_DIR)/CurrencyConverter.app/$(BUNDLE_EXECUTABLE_FOLDER_PATH)/CurrencyConverter";
			};
			name = Debug;
		};
		6FAE048629B6332300E51BE1 /* Release */ = {
			isa = XCBuildConfiguration;
			buildSettings = {
				ALWAYS_EMBED_SWIFT_STANDARD_LIBRARIES = YES;
				BUNDLE_LOADER = "$(TEST_HOST)";
				CODE_SIGN_STYLE = Automatic;
				CURRENT_PROJECT_VERSION = 1;
				DEVELOPMENT_TEAM = 35P9S7STBV;
				GENERATE_INFOPLIST_FILE = YES;
				IPHONEOS_DEPLOYMENT_TARGET = 16.2;
				MARKETING_VERSION = 1.0;
				PRODUCT_BUNDLE_IDENTIFIER = com.CodSignal.CurrencyConverterTests;
				PRODUCT_NAME = "$(TARGET_NAME)";
				SWIFT_EMIT_LOC_STRINGS = NO;
				SWIFT_VERSION = 5.0;
				TARGETED_DEVICE_FAMILY = "1,2";
				TEST_HOST = "$(BUILT_PRODUCTS_DIR)/CurrencyConverter.app/$(BUNDLE_EXECUTABLE_FOLDER_PATH)/CurrencyConverter";
			};
			name = Release;
		};
/* End XCBuildConfiguration section */

/* Begin XCConfigurationList section */
		6FAE045229B6332200E51BE1 /* Build configuration list for PBXProject "CurrencyConverter" */ = {
			isa = XCConfigurationList;
			buildConfigurations = (
				6FAE047F29B6332300E51BE1 /* Debug */,
				6FAE048029B6332300E51BE1 /* Release */,
			);
			defaultConfigurationIsVisible = 0;
			defaultConfigurationName = Release;
		};
		6FAE048129B6332300E51BE1 /* Build configuration list for PBXNativeTarget "CurrencyConverter" */ = {
			isa = XCConfigurationList;
			buildConfigurations = (
				6FAE048229B6332300E51BE1 /* Debug */,
				6FAE048329B6332300E51BE1 /* Release */,
			);
			defaultConfigurationIsVisible = 0;
			defaultConfigurationName = Release;
		};
		6FAE048429B6332300E51BE1 /* Build configuration list for PBXNativeTarget "CurrencyConverterTests" */ = {
			isa = XCConfigurationList;
			buildConfigurations = (
				6FAE048529B6332300E51BE1 /* Debug */,
				6FAE048629B6332300E51BE1 /* Release */,
			);
			defaultConfigurationIsVisible = 0;
			defaultConfigurationName = Release;
		};
/* End XCConfigurationList section */
	};
	rootObject = 6FAE044F29B6332200E51BE1 /* Project object */;
}
